
Microsoft Visual Studio Solution File, Format Version 12.00
# Visual Studio Version 17
VisualStudioVersion = 17.7.34018.315
MinimumVisualStudioVersion = 10.0.40219.1
Project("{FAE04EC0-301F-11D3-BF4B-00C04F79EFBC}") = "Jwt", "Jwt\Jwt.csproj", "{D0E85FC3-7DF1-4078-879D-14E59F151EB9}"
EndProject
Global
	GlobalSection(SolutionConfigurationPlatforms) = preSolution
		Debug|Any CPU = Debug|Any CPU
		Release|Any CPU = Release|Any CPU
	EndGlobalSection
	GlobalSection(ProjectConfigurationPlatforms) = postSolution
		{D0E85FC3-7DF1-4078-879D-14E59F151EB9}.Debug|Any CPU.ActiveCfg = Debug|Any CPU
		{D0E85FC3-7DF1-4078-879D-14E59F151EB9}.Debug|Any CPU.Build.0 = Debug|Any CPU
		{D0E85FC3-7DF1-4078-879D-14E59F151EB9}.Release|Any CPU.ActiveCfg = Release|Any CPU
		{D0E85FC3-7DF1-4078-879D-14E59F151EB9}.Release|Any CPU.Build.0 = Release|Any CPU
	EndGlobalSection
	GlobalSection(SolutionProperties) = preSolution
		HideSolutionNode = FALSE
	EndGlobalSection
	GlobalSection(ExtensibilityGlobals) = postSolution
		SolutionGuid = {49A0B946-9C4E-4839-90F5-6A3D51BCAC5F}
	EndGlobalSection
EndGlobal
